
Microsoft Visual Studio Solution File, Format Version 12.00
# Visual Studio Version 17
VisualStudioVersion = 17.14.36511.14 d17.14
MinimumVisualStudioVersion = 10.0.40219.1
Project("{FAE04EC0-301F-11D3-BF4B-00C04F79EFBC}") = "WindowsFormsApp1", "WindowsFormsApp1\WindowsFormsApp1.csproj", "{934AC9A7-4326-43D0-99CC-A5D6BA09EEEC}"
EndProject
Global
	GlobalSection(SolutionConfigurationPlatforms) = preSolution
		Debug|Any CPU = Debug|Any CPU
		Release|Any CPU = Release|Any CPU
	EndGlobalSection
	GlobalSection(ProjectConfigurationPlatforms) = postSolution
		{934AC9A7-4326-43D0-99CC-A5D6BA09EEEC}.Debug|Any CPU.ActiveCfg = Debug|Any CPU
		{934AC9A7-4326-43D0-99CC-A5D6BA09EEEC}.Debug|Any CPU.Build.0 = Debug|Any CPU
		{934AC9A7-4326-43D0-99CC-A5D6BA09EEEC}.Release|Any CPU.ActiveCfg = Release|Any CPU
		{934AC9A7-4326-43D0-99CC-A5D6BA09EEEC}.Release|Any CPU.Build.0 = Release|Any CPU
	EndGlobalSection
	GlobalSection(SolutionProperties) = preSolution
		HideSolutionNode = FALSE
	EndGlobalSection
	GlobalSection(ExtensibilityGlobals) = postSolution
		SolutionGuid = {79C5EB36-D192-4E74-A5B5-F5E20CE3DCFD}
	EndGlobalSection
EndGlobal
